lockfileVersion: '9.0'

settings:
  autoInstallPeers: true
  excludeLinksFromLockfile: false

importers:

  .:
    dependencies:
      '@playwright/test':
        specifier: ^1.42.1
        version: 1.42.1
      fuse.js:
        specifier: ^7.0.0
        version: 7.0.0
      playwright:
        specifier: ^1.42.1
        version: 1.42.1

packages:

  '@playwright/test@1.42.1':
    resolution: {integrity: sha512-Gq9rmS54mjBL/7/MvBaNOBwbfnh7beHvS6oS4srqXFcQHpQCV1+c8JXWE8VLPyRDhgS3H8x8A7hztqI9VnwrAQ==}
    engines: {node: '>=16'}
    hasBin: true

  fsevents@2.3.2:
    resolution: {integrity: sha512-xiqMQR4xAeHTuB9uWm+fFRcIOgKBMiOBP+eXiyT7jsgVCq1bkVygt00oASowB7EdtpOHaaPgKt812P9ab+DDKA==}
    engines: {node: ^8.16.0 || ^10.6.0 || >=11.0.0}
    os: [darwin]

  fuse.js@7.0.0:
    resolution: {integrity: sha512-14F4hBIxqKvD4Zz/XjDc3y94mNZN6pRv3U13Udo0lNLCWRBUsrMv2xwcF/y/Z5sV6+FQW+/ow68cHpm4sunt8Q==}
    engines: {node: '>=10'}

  playwright-core@1.42.1:
    resolution: {integrity: sha512-mxz6zclokgrke9p1vtdy/COWBH+eOZgYUVVU34C73M+4j4HLlQJHtfcqiqqxpP0o8HhMkflvfbquLX5dg6wlfA==}
    engines: {node: '>=16'}
    hasBin: true

  playwright@1.42.1:
    resolution: {integrity: sha512-PgwB03s2DZBcNRoW+1w9E+VkLBxweib6KTXM0M3tkiT4jVxKSi6PmVJ591J+0u10LUrgxB7dLRbiJqO5s2QPMg==}
    engines: {node: '>=16'}
    hasBin: true

snapshots:

  '@playwright/test@1.42.1':
    dependencies:
      playwright: 1.42.1

  fsevents@2.3.2:
    optional: true

  fuse.js@7.0.0: {}

  playwright-core@1.42.1: {}

  playwright@1.42.1:
    dependencies:
      playwright-core: 1.42.1
    optionalDependencies:
      fsevents: 2.3.2
